PODS:
  - CocoaLumberjack (3.4.2):
    - CocoaLumberjack/Default (= 3.4.2)
    - CocoaLumberjack/Extensions (= 3.4.2)
  - CocoaLumberjack/Default (3.4.2)
  - CocoaLumberjack/Extensions (3.4.2):
    - CocoaLumberjack/Default
  - FBSnapshotTestCase (2.1.4):
    - FBSnapshotTestCase/SwiftSupport (= 2.1.4)
  - FBSnapshotTestCase/Core (2.1.4)
  - FBSnapshotTestCase/SwiftSupport (2.1.4):
    - FBSnapshotTestCase/Core
  - VisualConstraints (1.1.0):
    - CocoaLumberjack

DEPENDENCIES:
  - FBSnapshotTestCase
  - VisualConstraints (from `../`)

SPEC REPOS:
  https://github.com/cocoapods/specs.git:
    - CocoaLumberjack
    - FBSnapshotTestCase

EXTERNAL SOURCES:
  VisualConstraints:
    :path: "../"

SPEC CHECKSUMS:
  CocoaLumberjack: db7cc9e464771f12054c22ff6947c5a58d43a0fd
  FBSnapshotTestCase: 094f9f314decbabe373b87cc339bea235a63e07a
  VisualConstraints: 83288a9dfa5be82c7ae9b153ec991755a9df86ac

PODFILE CHECKSUM: e169782a03633a94583135b9da200e1a4187fe58

COCOAPODS: 1.5.3
